
Microsoft Visual Studio Solution File, Format Version 12.00
# Visual Studio 14
VisualStudioVersion = 14.0.25420.1
MinimumVisualStudioVersion = 10.0.40219.1
Project("{FAE04EC0-301F-11D3-BF4B-00C04F79EFBC}") = "SP.General.Catalogo", "SP.General.Catalogo\SP.General.Catalogo.csproj", "{3E996A57-CCC0-4066-939A-4B776E40A46E}"
EndProject
Project("{FAE04EC0-301F-11D3-BF4B-00C04F79EFBC}") = "SP.General.Modelo", "SP.General.Modelo\SP.General.Modelo.csproj", "{5BF5DA7D-6C61-42D3-BA0F-F034198D7AAF}"
EndProject
Project("{FAE04EC0-301F-11D3-BF4B-00C04F79EFBC}") = "SP.General.IServicios", "SP.General.IServicios\SP.General.IServicios.csproj", "{35E0739B-02E7-48BD-A134-949C8215D2E1}"
EndProject
Project("{FAE04EC0-301F-11D3-BF4B-00C04F79EFBC}") = "SP.General.ServiciosWeb", "SP.General.ServiciosWeb\SP.General.ServiciosWeb.csproj", "{D5C5C533-DED0-4057-AB4D-C9F83D3B6A75}"
EndProject
Project("{FAE04EC0-301F-11D3-BF4B-00C04F79EFBC}") = "SP.General.AccesoDatos", "SP.General.AccesoDatos\SP.General.AccesoDatos.csproj", "{38D211C5-FAA7-485F-B497-E012040CFE01}"
EndProject
Global
	GlobalSection(SolutionConfigurationPlatforms) = preSolution
		Debug|Any CPU = Debug|Any CPU
		Release|Any CPU = Release|Any CPU
	EndGlobalSection
	GlobalSection(ProjectConfigurationPlatforms) = postSolution
		{3E996A57-CCC0-4066-939A-4B776E40A46E}.Debug|Any CPU.ActiveCfg = Debug|Any CPU
		{3E996A57-CCC0-4066-939A-4B776E40A46E}.Debug|Any CPU.Build.0 = Debug|Any CPU
		{3E996A57-CCC0-4066-939A-4B776E40A46E}.Release|Any CPU.ActiveCfg = Release|Any CPU
		{3E996A57-CCC0-4066-939A-4B776E40A46E}.Release|Any CPU.Build.0 = Release|Any CPU
		{5BF5DA7D-6C61-42D3-BA0F-F034198D7AAF}.Debug|Any CPU.ActiveCfg = Debug|Any CPU
		{5BF5DA7D-6C61-42D3-BA0F-F034198D7AAF}.Debug|Any CPU.Build.0 = Debug|Any CPU
		{5BF5DA7D-6C61-42D3-BA0F-F034198D7AAF}.Release|Any CPU.ActiveCfg = Release|Any CPU
		{5BF5DA7D-6C61-42D3-BA0F-F034198D7AAF}.Release|Any CPU.Build.0 = Release|Any CPU
		{35E0739B-02E7-48BD-A134-949C8215D2E1}.Debug|Any CPU.ActiveCfg = Debug|Any CPU
		{35E0739B-02E7-48BD-A134-949C8215D2E1}.Debug|Any CPU.Build.0 = Debug|Any CPU
		{35E0739B-02E7-48BD-A134-949C8215D2E1}.Release|Any CPU.ActiveCfg = Release|Any CPU
		{35E0739B-02E7-48BD-A134-949C8215D2E1}.Release|Any CPU.Build.0 = Release|Any CPU
		{D5C5C533-DED0-4057-AB4D-C9F83D3B6A75}.Debug|Any CPU.ActiveCfg = Debug|Any CPU
		{D5C5C533-DED0-4057-AB4D-C9F83D3B6A75}.Debug|Any CPU.Build.0 = Debug|Any CPU
		{D5C5C533-DED0-4057-AB4D-C9F83D3B6A75}.Release|Any CPU.ActiveCfg = Release|Any CPU
		{D5C5C533-DED0-4057-AB4D-C9F83D3B6A75}.Release|Any CPU.Build.0 = Release|Any CPU
		{38D211C5-FAA7-485F-B497-E012040CFE01}.Debug|Any CPU.ActiveCfg = Debug|Any CPU
		{38D211C5-FAA7-485F-B497-E012040CFE01}.Debug|Any CPU.Build.0 = Debug|Any CPU
		{38D211C5-FAA7-485F-B497-E012040CFE01}.Release|Any CPU.ActiveCfg = Release|Any CPU
		{38D211C5-FAA7-485F-B497-E012040CFE01}.Release|Any CPU.Build.0 = Release|Any CPU
	EndGlobalSection
	GlobalSection(SolutionProperties) = preSolution
		HideSolutionNode = FALSE
	EndGlobalSection
EndGlobal
